
Microsoft Visual Studio Solution File, Format Version 12.00
# Visual Studio Version 16
VisualStudioVersion = 16.0.809.4
MinimumVisualStudioVersion = 10.0.40219.1
Project("{FAE04EC0-301F-11D3-BF4B-00C04F79EFBC}") = "DotzAPI", "DotzAPI\DotzAPI.csproj", "{E94D463B-B200-4BEA-B7F6-3EDFBFB918D7}"
EndProject
Global
	GlobalSection(SolutionConfigurationPlatforms) = preSolution
		Debug|Any CPU = Debug|Any CPU
		Release|Any CPU = Release|Any CPU
	EndGlobalSection
	GlobalSection(ProjectConfigurationPlatforms) = postSolution
		{E94D463B-B200-4BEA-B7F6-3EDFBFB918D7}.Debug|Any CPU.ActiveCfg = Debug|Any CPU
		{E94D463B-B200-4BEA-B7F6-3EDFBFB918D7}.Debug|Any CPU.Build.0 = Debug|Any CPU
		{E94D463B-B200-4BEA-B7F6-3EDFBFB918D7}.Release|Any CPU.ActiveCfg = Release|Any CPU
		{E94D463B-B200-4BEA-B7F6-3EDFBFB918D7}.Release|Any CPU.Build.0 = Release|Any CPU
	EndGlobalSection
	GlobalSection(SolutionProperties) = preSolution
		HideSolutionNode = FALSE
	EndGlobalSection
	GlobalSection(ExtensibilityGlobals) = postSolution
		SolutionGuid = {3F1DC267-0874-44FB-957F-AED633C9588E}
	EndGlobalSection
EndGlobal
